PODS:
  - Kiwi (2.3.0)
  - MKFoundationKit/Block (1.3.0)
  - MKFoundationKit/NSNumber (1.3.0)
  - RubySugar (1.3.0):
    - MKFoundationKit/Block (>= 1.2.0)

DEPENDENCIES:
  - Kiwi (>= 2.2.1)
  - MKFoundationKit/Block (>= 1.0.0)
  - MKFoundationKit/NSNumber (>= 1.0.0)
  - RubySugar (>= 1.1.0)

SPEC CHECKSUMS:
  Kiwi: 54bece5b35564d9b8e03c608d926f1a22fcfc589
  MKFoundationKit: 70963bb9832074225e9586531451d7edff6184e4
  RubySugar: 06c11e3d174c0bf532e480773995fed34bd0e090

COCOAPODS: 0.33.1
